
Microsoft Visual Studio Solution File, Format Version 12.00
# Visual Studio Version 17
VisualStudioVersion = 17.11.35327.3
MinimumVisualStudioVersion = 10.0.40219.1
Project("{8BC9CEB8-8B4A-11D0-8D11-00A0C91BC942}") = "Course5Problem11", "Course5Problem11.vcxproj", "{00CB429D-9112-405B-B8C2-9AA119A2EEB5}"
EndProject
Global
	GlobalSection(SolutionConfigurationPlatforms) = preSolution
		Debug|x64 = Debug|x64
		Debug|x86 = Debug|x86
		Release|x64 = Release|x64
		Release|x86 = Release|x86
	EndGlobalSection
	GlobalSection(ProjectConfigurationPlatforms) = postSolution
		{00CB429D-9112-405B-B8C2-9AA119A2EEB5}.Debug|x64.ActiveCfg = Debug|x64
		{00CB429D-9112-405B-B8C2-9AA119A2EEB5}.Debug|x64.Build.0 = Debug|x64
		{00CB429D-9112-405B-B8C2-9AA119A2EEB5}.Debug|x86.ActiveCfg = Debug|Win32
		{00CB429D-9112-405B-B8C2-9AA119A2EEB5}.Debug|x86.Build.0 = Debug|Win32
		{00CB429D-9112-405B-B8C2-9AA119A2EEB5}.Release|x64.ActiveCfg = Release|x64
		{00CB429D-9112-405B-B8C2-9AA119A2EEB5}.Release|x64.Build.0 = Release|x64
		{00CB429D-9112-405B-B8C2-9AA119A2EEB5}.Release|x86.ActiveCfg = Release|Win32
		{00CB429D-9112-405B-B8C2-9AA119A2EEB5}.Release|x86.Build.0 = Release|Win32
	EndGlobalSection
	GlobalSection(SolutionProperties) = preSolution
		HideSolutionNode = FALSE
	EndGlobalSection
	GlobalSection(ExtensibilityGlobals) = postSolution
		SolutionGuid = {AA92AC3D-1D9A-4177-9C66-AF5B697FD93A}
	EndGlobalSection
EndGlobal
